PODS:
  - netfox (1.21.0)
  - RxCocoa (6.5.0):
    - RxRelay (= 6.5.0)
    - RxSwift (= 6.5.0)
  - RxRelay (6.5.0):
    - RxSwift (= 6.5.0)
  - RxSwift (6.5.0)
  - youtube-ios-player-helper (1.0.4)

DEPENDENCIES:
  - netfox
  - RxCocoa
  - RxSwift
  - youtube-ios-player-helper

SPEC REPOS:
  trunk:
    - netfox
    - RxCocoa
    - RxRelay
    - RxSwift
    - youtube-ios-player-helper

SPEC CHECKSUMS:
  netfox: 9d5cc727fe7576c4c7688a2504618a156b7d44b7
  RxCocoa: 94f817b71c07517321eb4f9ad299112ca8af743b
  RxRelay: 1de1523e604c72b6c68feadedd1af3b1b4d0ecbd
  RxSwift: 5710a9e6b17f3c3d6e40d6e559b9fa1e813b2ef8
  youtube-ios-player-helper: e9b97535e816db3152179d84d999bc1807ecd689

PODFILE CHECKSUM: 98d0ba71f6ea0b7d78372cb968d9fdf6573971ab

COCOAPODS: 1.11.3
